
Microsoft Visual Studio Solution File, Format Version 12.00
# Visual Studio Version 17
VisualStudioVersion = 17.5.2.0
MinimumVisualStudioVersion = 10.0.40219.1
Project("{FAE04EC0-301F-11D3-BF4B-00C04F79EFBC}") = "AFS-Interview-Task", "AFS-Interview-Task.csproj", "{5BC2DFFF-078D-9083-3213-DF43AFAEF979}"
EndProject
Project("{FAE04EC0-301F-11D3-BF4B-00C04F79EFBC}") = "AFS-Interview-Task.Tests", "..\AFS-Interview-Task.Tests\AFS-Interview-Task.Tests.csproj", "{60F8CDE0-4C75-4469-8C41-E4546CD65E21}"
EndProject
Global
	GlobalSection(SolutionConfigurationPlatforms) = preSolution
		Debug|Any CPU = Debug|Any CPU
		Debug|x64 = Debug|x64
		Debug|x86 = Debug|x86
		Release|Any CPU = Release|Any CPU
		Release|x64 = Release|x64
		Release|x86 = Release|x86
	EndGlobalSection
	GlobalSection(ProjectConfigurationPlatforms) = postSolution
		{5BC2DFFF-078D-9083-3213-DF43AFAEF979}.Debug|Any CPU.ActiveCfg = Debug|Any CPU
		{5BC2DFFF-078D-9083-3213-DF43AFAEF979}.Debug|Any CPU.Build.0 = Debug|Any CPU
		{5BC2DFFF-078D-9083-3213-DF43AFAEF979}.Debug|x64.ActiveCfg = Debug|Any CPU
		{5BC2DFFF-078D-9083-3213-DF43AFAEF979}.Debug|x64.Build.0 = Debug|Any CPU
		{5BC2DFFF-078D-9083-3213-DF43AFAEF979}.Debug|x86.ActiveCfg = Debug|Any CPU
		{5BC2DFFF-078D-9083-3213-DF43AFAEF979}.Debug|x86.Build.0 = Debug|Any CPU
		{5BC2DFFF-078D-9083-3213-DF43AFAEF979}.Release|Any CPU.ActiveCfg = Release|Any CPU
		{5BC2DFFF-078D-9083-3213-DF43AFAEF979}.Release|Any CPU.Build.0 = Release|Any CPU
		{5BC2DFFF-078D-9083-3213-DF43AFAEF979}.Release|x64.ActiveCfg = Release|Any CPU
		{5BC2DFFF-078D-9083-3213-DF43AFAEF979}.Release|x64.Build.0 = Release|Any CPU
		{5BC2DFFF-078D-9083-3213-DF43AFAEF979}.Release|x86.ActiveCfg = Release|Any CPU
		{5BC2DFFF-078D-9083-3213-DF43AFAEF979}.Release|x86.Build.0 = Release|Any CPU
		{60F8CDE0-4C75-4469-8C41-E4546CD65E21}.Debug|Any CPU.ActiveCfg = Debug|Any CPU
		{60F8CDE0-4C75-4469-8C41-E4546CD65E21}.Debug|Any CPU.Build.0 = Debug|Any CPU
		{60F8CDE0-4C75-4469-8C41-E4546CD65E21}.Debug|x64.ActiveCfg = Debug|Any CPU
		{60F8CDE0-4C75-4469-8C41-E4546CD65E21}.Debug|x64.Build.0 = Debug|Any CPU
		{60F8CDE0-4C75-4469-8C41-E4546CD65E21}.Debug|x86.ActiveCfg = Debug|Any CPU
		{60F8CDE0-4C75-4469-8C41-E4546CD65E21}.Debug|x86.Build.0 = Debug|Any CPU
		{60F8CDE0-4C75-4469-8C41-E4546CD65E21}.Release|Any CPU.ActiveCfg = Release|Any CPU
		{60F8CDE0-4C75-4469-8C41-E4546CD65E21}.Release|Any CPU.Build.0 = Release|Any CPU
		{60F8CDE0-4C75-4469-8C41-E4546CD65E21}.Release|x64.ActiveCfg = Release|Any CPU
		{60F8CDE0-4C75-4469-8C41-E4546CD65E21}.Release|x64.Build.0 = Release|Any CPU
		{60F8CDE0-4C75-4469-8C41-E4546CD65E21}.Release|x86.ActiveCfg = Release|Any CPU
		{60F8CDE0-4C75-4469-8C41-E4546CD65E21}.Release|x86.Build.0 = Release|Any CPU
	EndGlobalSection
	GlobalSection(SolutionProperties) = preSolution
		HideSolutionNode = FALSE
	EndGlobalSection
	GlobalSection(ExtensibilityGlobals) = postSolution
		SolutionGuid = {FCEC6BA1-3DF6-4ED8-B4B8-8101CA5F9BB9}
	EndGlobalSection
EndGlobal
